// !$*UTF8*$!
{
	archiveVersion = 1;
	classes = {
	};
	objectVersion = 51;
	objects = {

/* Begin PBXBuildFile section */
		05A9A66DC9E80AA5163B2F3F /* Pods_ImagesGalleryTests.framework in Frameworks */ = {isa = PBXBuildFile; fileRef = 7CD555498A8D7E8D982827D9 /* Pods_ImagesGalleryTests.framework */; };
		298E1F5C655E2ECF4F5C7892 /* Pods_ImagesGallery.framework in Frameworks */ = {isa = PBXBuildFile; fileRef = EB50CE5B5E31ECA7E9572373 /* Pods_ImagesGallery.framework */; };
		9F85A51822FFB22100C8F618 /* BaseViewController.swift in Sources */ = {isa = PBXBuildFile; fileRef = 9F85A51722FFB22100C8F618 /* BaseViewController.swift */; };
		9F85A51A22FFB23700C8F618 /* GridViewController.swift in Sources */ = {isa = PBXBuildFile; fileRef = 9F85A51922FFB23700C8F618 /* GridViewController.swift */; };
		9F85A51C22FFB2C900C8F618 /* ImagesPresentersProtocol.swift in Sources */ = {isa = PBXBuildFile; fileRef = 9F85A51B22FFB2C900C8F618 /* ImagesPresentersProtocol.swift */; };
		9F85A51E22FFB30500C8F618 /* GridViewPresenter.swift in Sources */ = {isa = PBXBuildFile; fileRef = 9F85A51D22FFB30500C8F618 /* GridViewPresenter.swift */; };
		9F85A51F22FFB30500C8F618 /* GridViewPresenter.swift in Sources */ = {isa = PBXBuildFile; fileRef = 9F85A51D22FFB30500C8F618 /* GridViewPresenter.swift */; };
		9F85A52122FFB35600C8F618 /* ImageModelProtocol.swift in Sources */ = {isa = PBXBuildFile; fileRef = 9F85A52022FFB35600C8F618 /* ImageModelProtocol.swift */; };
		9F85A52222FFB35600C8F618 /* ImageModelProtocol.swift in Sources */ = {isa = PBXBuildFile; fileRef = 9F85A52022FFB35600C8F618 /* ImageModelProtocol.swift */; };
		9F85A52422FFB3A600C8F618 /* PixabayImage.swift in Sources */ = {isa = PBXBuildFile; fileRef = 9F85A52322FFB3A600C8F618 /* PixabayImage.swift */; };
		9F85A52522FFB3A600C8F618 /* PixabayImage.swift in Sources */ = {isa = PBXBuildFile; fileRef = 9F85A52322FFB3A600C8F618 /* PixabayImage.swift */; };
		9F85A52822FFB4DD00C8F618 /* ImageLoader.swift in Sources */ = {isa = PBXBuildFile; fileRef = 9F85A52722FFB4DD00C8F618 /* ImageLoader.swift */; };
		9F85A52922FFB4DD00C8F618 /* ImageLoader.swift in Sources */ = {isa = PBXBuildFile; fileRef = 9F85A52722FFB4DD00C8F618 /* ImageLoader.swift */; };
		9F85A52B22FFB4FB00C8F618 /* NetworkManager.swift in Sources */ = {isa = PBXBuildFile; fileRef = 9F85A52A22FFB4FB00C8F618 /* NetworkManager.swift */; };
		9F85A52C22FFB4FB00C8F618 /* NetworkManager.swift in Sources */ = {isa = PBXBuildFile; fileRef = 9F85A52A22FFB4FB00C8F618 /* NetworkManager.swift */; };
		9F85A52E22FFB50F00C8F618 /* RequestProtocol.swift in Sources */ = {isa = PBXBuildFile; fileRef = 9F85A52D22FFB50F00C8F618 /* RequestProtocol.swift */; };
		9F85A52F22FFB50F00C8F618 /* RequestProtocol.swift in Sources */ = {isa = PBXBuildFile; fileRef = 9F85A52D22FFB50F00C8F618 /* RequestProtocol.swift */; };
		9F85A53422FFB58700C8F618 /* PixabayRequest.swift in Sources */ = {isa = PBXBuildFile; fileRef = 9F85A53322FFB58700C8F618 /* PixabayRequest.swift */; };
		9F85A53522FFB58700C8F618 /* PixabayRequest.swift in Sources */ = {isa = PBXBuildFile; fileRef = 9F85A53322FFB58700C8F618 /* PixabayRequest.swift */; };
		9FE64C8422FFE7F7003C0DFF /* ImageCell.swift in Sources */ = {isa = PBXBuildFile; fileRef = 9FE64C8322FFE7F7003C0DFF /* ImageCell.swift */; };
		9FF7585C22FFAA380040ACF5 /* AppDelegate.swift in Sources */ = {isa = PBXBuildFile; fileRef = 9FF7585B22FFAA380040ACF5 /* AppDelegate.swift */; };
		9FF7586122FFAA380040ACF5 /* Main.storyboard in Resources */ = {isa = PBXBuildFile; fileRef = 9FF7585F22FFAA380040ACF5 /* Main.storyboard */; };
		9FF7586322FFAA3A0040ACF5 /* Assets.xcassets in Resources */ = {isa = PBXBuildFile; fileRef = 9FF7586222FFAA3A0040ACF5 /* Assets.xcassets */; };
		9FF7586622FFAA3A0040ACF5 /* LaunchScreen.storyboard in Resources */ = {isa = PBXBuildFile; fileRef = 9FF7586422FFAA3A0040ACF5 /* LaunchScreen.storyboard */; };
		9FF7587122FFAA3A0040ACF5 /* ImagesGalleryTests.swift in Sources */ = {isa = PBXBuildFile; fileRef = 9FF7587022FFAA3A0040ACF5 /* ImagesGalleryTests.swift */; };
/* End PBXBuildFile section */

/* Begin PBXContainerItemProxy section */
		9FF7586D22FFAA3A0040ACF5 /* PBXContainerItemProxy */ = {
			isa = PBXContainerItemProxy;
			containerPortal = 9FF7585022FFAA380040ACF5 /* Project object */;
			proxyType = 1;
			remoteGlobalIDString = 9FF7585722FFAA380040ACF5;
			remoteInfo = ImagesGallery;
		};
/* End PBXContainerItemProxy section */

/* Begin PBXFileReference section */
		0C9D0A9FB6336BC7B80C5834 /* Pods-ImagesGalleryTests.debug.xcconfig */ = {isa = PBXFileReference; includeInIndex = 1; lastKnownFileType = text.xcconfig; name = "Pods-ImagesGalleryTests.debug.xcconfig"; path = "Target Support Files/Pods-ImagesGalleryTests/Pods-ImagesGalleryTests.debug.xcconfig"; sourceTree = "<group>"; };
		2E42ED883AF8424C0116CF48 /* Pods-ImagesGallery.debug.xcconfig */ = {isa = PBXFileReference; includeInIndex = 1; lastKnownFileType = text.xcconfig; name = "Pods-ImagesGallery.debug.xcconfig"; path = "Target Support Files/Pods-ImagesGallery/Pods-ImagesGallery.debug.xcconfig"; sourceTree = "<group>"; };
		5BCA257F6919F33436F9F1D0 /* Pods-ImagesGalleryTests.release.xcconfig */ = {isa = PBXFileReference; includeInIndex = 1; lastKnownFileType = text.xcconfig; name = "Pods-ImagesGalleryTests.release.xcconfig"; path = "Target Support Files/Pods-ImagesGalleryTests/Pods-ImagesGalleryTests.release.xcconfig"; sourceTree = "<group>"; };
		7CD555498A8D7E8D982827D9 /* Pods_ImagesGalleryTests.framework */ = {isa = PBXFileReference; explicitFileType = wrapper.framework; includeInIndex = 0; path = Pods_ImagesGalleryTests.framework; sourceTree = BUILT_PRODUCTS_DIR; };
		9F85A51722FFB22100C8F618 /* BaseViewController.swift */ = {isa = PBXFileReference; lastKnownFileType = sourcecode.swift; path = BaseViewController.swift; sourceTree = "<group>"; };
		9F85A51922FFB23700C8F618 /* GridViewController.swift */ = {isa = PBXFileReference; lastKnownFileType = sourcecode.swift; path = GridViewController.swift; sourceTree = "<group>"; };
		9F85A51B22FFB2C900C8F618 /* ImagesPresentersProtocol.swift */ = {isa = PBXFileReference; lastKnownFileType = sourcecode.swift; path = ImagesPresentersProtocol.swift; sourceTree = "<group>"; };
		9F85A51D22FFB30500C8F618 /* GridViewPresenter.swift */ = {isa = PBXFileReference; lastKnownFileType = sourcecode.swift; path = GridViewPresenter.swift; sourceTree = "<group>"; };
		9F85A52022FFB35600C8F618 /* ImageModelProtocol.swift */ = {isa = PBXFileReference; lastKnownFileType = sourcecode.swift; path = ImageModelProtocol.swift; sourceTree = "<group>"; };
		9F85A52322FFB3A600C8F618 /* PixabayImage.swift */ = {isa = PBXFileReference; lastKnownFileType = sourcecode.swift; path = PixabayImage.swift; sourceTree = "<group>"; };
		9F85A52722FFB4DD00C8F618 /* ImageLoader.swift */ = {isa = PBXFileReference; lastKnownFileType = sourcecode.swift; path = ImageLoader.swift; sourceTree = "<group>"; };
		9F85A52A22FFB4FB00C8F618 /* NetworkManager.swift */ = {isa = PBXFileReference; lastKnownFileType = sourcecode.swift; path = NetworkManager.swift; sourceTree = "<group>"; };
		9F85A52D22FFB50F00C8F618 /* RequestProtocol.swift */ = {isa = PBXFileReference; lastKnownFileType = sourcecode.swift; path = RequestProtocol.swift; sourceTree = "<group>"; };
		9F85A53322FFB58700C8F618 /* PixabayRequest.swift */ = {isa = PBXFileReference; lastKnownFileType = sourcecode.swift; path = PixabayRequest.swift; sourceTree = "<group>"; };
		9FE64C8322FFE7F7003C0DFF /* ImageCell.swift */ = {isa = PBXFileReference; lastKnownFileType = sourcecode.swift; path = ImageCell.swift; sourceTree = "<group>"; };
		9FF7585822FFAA380040ACF5 /* ImagesGallery.app */ = {isa = PBXFileReference; explicitFileType = wrapper.application; includeInIndex = 0; path = ImagesGallery.app; sourceTree = BUILT_PRODUCTS_DIR; };
		9FF7585B22FFAA380040ACF5 /* AppDelegate.swift */ = {isa = PBXFileReference; lastKnownFileType = sourcecode.swift; path = AppDelegate.swift; sourceTree = "<group>"; };
		9FF7586022FFAA380040ACF5 /* Base */ = {isa = PBXFileReference; lastKnownFileType = file.storyboard; name = Base; path = Base.lproj/Main.storyboard; sourceTree = "<group>"; };
		9FF7586222FFAA3A0040ACF5 /* Assets.xcassets */ = {isa = PBXFileReference; lastKnownFileType = folder.assetcatalog; path = Assets.xcassets; sourceTree = "<group>"; };
		9FF7586522FFAA3A0040ACF5 /* Base */ = {isa = PBXFileReference; lastKnownFileType = file.storyboard; name = Base; path = Base.lproj/LaunchScreen.storyboard; sourceTree = "<group>"; };
		9FF7586722FFAA3A0040ACF5 /* Info.plist */ = {isa = PBXFileReference; lastKnownFileType = text.plist.xml; path = Info.plist; sourceTree = "<group>"; };
		9FF7586C22FFAA3A0040ACF5 /* ImagesGalleryTests.xctest */ = {isa = PBXFileReference; explicitFileType = wrapper.cfbundle; includeInIndex = 0; path = ImagesGalleryTests.xctest; sourceTree = BUILT_PRODUCTS_DIR; };
		9FF7587022FFAA3A0040ACF5 /* ImagesGalleryTests.swift */ = {isa = PBXFileReference; lastKnownFileType = sourcecode.swift; path = ImagesGalleryTests.swift; sourceTree = "<group>"; };
		9FF7587222FFAA3A0040ACF5 /* Info.plist */ = {isa = PBXFileReference; lastKnownFileType = text.plist.xml; path = Info.plist; sourceTree = "<group>"; };
		E455C2B2537F933012524EE0 /* Pods-ImagesGallery.release.xcconfig */ = {isa = PBXFileReference; includeInIndex = 1; lastKnownFileType = text.xcconfig; name = "Pods-ImagesGallery.release.xcconfig"; path = "Target Support Files/Pods-ImagesGallery/Pods-ImagesGallery.release.xcconfig"; sourceTree = "<group>"; };
		EB50CE5B5E31ECA7E9572373 /* Pods_ImagesGallery.framework */ = {isa = PBXFileReference; explicitFileType = wrapper.framework; includeInIndex = 0; path = Pods_ImagesGallery.framework; sourceTree = BUILT_PRODUCTS_DIR; };
/* End PBXFileReference section */

/* Begin PBXFrameworksBuildPhase section */
		9FF7585522FFAA380040ACF5 /* Frameworks */ = {
			isa = PBXFrameworksBuildPhase;
			buildActionMask = 2147483647;
			files = (
				298E1F5C655E2ECF4F5C7892 /* Pods_ImagesGallery.framework in Frameworks */,
			);
			runOnlyForDeploymentPostprocessing = 0;
		};
		9FF7586922FFAA3A0040ACF5 /* Frameworks */ = {
			isa = PBXFrameworksBuildPhase;
			buildActionMask = 2147483647;
			files = (
				05A9A66DC9E80AA5163B2F3F /* Pods_ImagesGalleryTests.framework in Frameworks */,
			);
			runOnlyForDeploymentPostprocessing = 0;
		};
/* End PBXFrameworksBuildPhase section */

/* Begin PBXGroup section */
		09D279AA4FD916A8DF2D3985 /* Pods */ = {
			isa = PBXGroup;
			children = (
				2E42ED883AF8424C0116CF48 /* Pods-ImagesGallery.debug.xcconfig */,
				E455C2B2537F933012524EE0 /* Pods-ImagesGallery.release.xcconfig */,
				0C9D0A9FB6336BC7B80C5834 /* Pods-ImagesGalleryTests.debug.xcconfig */,
				5BCA257F6919F33436F9F1D0 /* Pods-ImagesGalleryTests.release.xcconfig */,
			);
			path = Pods;
			sourceTree = "<group>";
		};
		6C81319AB209967D3C28FA5B /* Frameworks */ = {
			isa = PBXGroup;
			children = (
				EB50CE5B5E31ECA7E9572373 /* Pods_ImagesGallery.framework */,
				7CD555498A8D7E8D982827D9 /* Pods_ImagesGalleryTests.framework */,
			);
			name = Frameworks;
			sourceTree = "<group>";
		};
		9F85A51322FFB15700C8F618 /* Presenters */ = {
			isa = PBXGroup;
			children = (
				9F85A51B22FFB2C900C8F618 /* ImagesPresentersProtocol.swift */,
				9F85A51D22FFB30500C8F618 /* GridViewPresenter.swift */,
			);
			path = Presenters;
			sourceTree = "<group>";
		};
		9F85A51422FFB17200C8F618 /* Controllers */ = {
			isa = PBXGroup;
			children = (
				9F85A51722FFB22100C8F618 /* BaseViewController.swift */,
				9F85A51922FFB23700C8F618 /* GridViewController.swift */,
			);
			path = Controllers;
			sourceTree = "<group>";
		};
		9F85A51522FFB17A00C8F618 /* Models */ = {
			isa = PBXGroup;
			children = (
				9F85A52022FFB35600C8F618 /* ImageModelProtocol.swift */,
				9F85A52322FFB3A600C8F618 /* PixabayImage.swift */,
			);
			path = Models;
			sourceTree = "<group>";
		};
		9F85A51622FFB18000C8F618 /* NetworkLayer */ = {
			isa = PBXGroup;
			children = (
				9F85A52A22FFB4FB00C8F618 /* NetworkManager.swift */,
				9F85A53622FFB59E00C8F618 /* requests */,
			);
			path = NetworkLayer;
			sourceTree = "<group>";
		};
		9F85A52622FFB4BB00C8F618 /* Logic */ = {
			isa = PBXGroup;
			children = (
				9F85A52722FFB4DD00C8F618 /* ImageLoader.swift */,
			);
			path = Logic;
			sourceTree = "<group>";
		};
		9F85A53622FFB59E00C8F618 /* requests */ = {
			isa = PBXGroup;
			children = (
				9F85A52D22FFB50F00C8F618 /* RequestProtocol.swift */,
				9F85A53322FFB58700C8F618 /* PixabayRequest.swift */,
			);
			path = requests;
			sourceTree = "<group>";
		};
		9FE64C8022FFE7B3003C0DFF /* Cells */ = {
			isa = PBXGroup;
			children = (
				9FE64C8322FFE7F7003C0DFF /* ImageCell.swift */,
			);
			path = Cells;
			sourceTree = "<group>";
		};
		9FF7584F22FFAA380040ACF5 = {
			isa = PBXGroup;
			children = (
				9FF7585A22FFAA380040ACF5 /* ImagesGallery */,
				9FF7586F22FFAA3A0040ACF5 /* ImagesGalleryTests */,
				9FF7585922FFAA380040ACF5 /* Products */,
				09D279AA4FD916A8DF2D3985 /* Pods */,
				6C81319AB209967D3C28FA5B /* Frameworks */,
			);
			sourceTree = "<group>";
		};
		9FF7585922FFAA380040ACF5 /* Products */ = {
			isa = PBXGroup;
			children = (
				9FF7585822FFAA380040ACF5 /* ImagesGallery.app */,
				9FF7586C22FFAA3A0040ACF5 /* ImagesGalleryTests.xctest */,
			);
			name = Products;
			sourceTree = "<group>";
		};
		9FF7585A22FFAA380040ACF5 /* ImagesGallery */ = {
			isa = PBXGroup;
			children = (
				9F85A51522FFB17A00C8F618 /* Models */,
				9F85A51422FFB17200C8F618 /* Controllers */,
				9F85A51322FFB15700C8F618 /* Presenters */,
				9F85A52622FFB4BB00C8F618 /* Logic */,
				9F85A51622FFB18000C8F618 /* NetworkLayer */,
				9FF7585F22FFAA380040ACF5 /* Main.storyboard */,
				9FE64C8022FFE7B3003C0DFF /* Cells */,
				9FF7585B22FFAA380040ACF5 /* AppDelegate.swift */,
				9FF7586222FFAA3A0040ACF5 /* Assets.xcassets */,
				9FF7586422FFAA3A0040ACF5 /* LaunchScreen.storyboard */,
				9FF7586722FFAA3A0040ACF5 /* Info.plist */,
			);
			path = ImagesGallery;
			sourceTree = "<group>";
		};
		9FF7586F22FFAA3A0040ACF5 /* ImagesGalleryTests */ = {
			isa = PBXGroup;
			children = (
				9FF7587022FFAA3A0040ACF5 /* ImagesGalleryTests.swift */,
				9FF7587222FFAA3A0040ACF5 /* Info.plist */,
			);
			path = ImagesGalleryTests;
			sourceTree = "<group>";
		};
/* End PBXGroup section */

/* Begin PBXNativeTarget section */
		9FF7585722FFAA380040ACF5 /* ImagesGallery */ = {
			isa = PBXNativeTarget;
			buildConfigurationList = 9FF7587522FFAA3A0040ACF5 /* Build configuration list for PBXNativeTarget "ImagesGallery" */;
			buildPhases = (
				904EB77E596B64C1E034A755 /* [CP] Check Pods Manifest.lock */,
				9FF7585422FFAA380040ACF5 /* Sources */,
				9FF7585522FFAA380040ACF5 /* Frameworks */,
				9FF7585622FFAA380040ACF5 /* Resources */,
				633195254692C523948ED5D1 /* [CP] Embed Pods Frameworks */,
			);
			buildRules = (
			);
			dependencies = (
			);
			name = ImagesGallery;
			productName = ImagesGallery;
			productReference = 9FF7585822FFAA380040ACF5 /* ImagesGallery.app */;
			productType = "com.apple.product-type.application";
		};
		9FF7586B22FFAA3A0040ACF5 /* ImagesGalleryTests */ = {
			isa = PBXNativeTarget;
			buildConfigurationList = 9FF7587822FFAA3A0040ACF5 /* Build configuration list for PBXNativeTarget "ImagesGalleryTests" */;
			buildPhases = (
				91BAE99356A3A831182F91E3 /* [CP] Check Pods Manifest.lock */,
				9FF7586822FFAA3A0040ACF5 /* Sources */,
				9FF7586922FFAA3A0040ACF5 /* Frameworks */,
				9FF7586A22FFAA3A0040ACF5 /* Resources */,
			);
			buildRules = (
			);
			dependencies = (
				9FF7586E22FFAA3A0040ACF5 /* PBXTargetDependency */,
			);
			name = ImagesGalleryTests;
			productName = ImagesGalleryTests;
			productReference = 9FF7586C22FFAA3A0040ACF5 /* ImagesGalleryTests.xctest */;
			productType = "com.apple.product-type.bundle.unit-test";
		};
/* End PBXNativeTarget section */

/* Begin PBXProject section */
		9FF7585022FFAA380040ACF5 /* Project object */ = {
			isa = PBXProject;
			attributes = {
				LastSwiftUpdateCheck = 1010;
				LastUpgradeCheck = 1010;
				ORGANIZATIONNAME = Hasan;
				TargetAttributes = {
					9FF7585722FFAA380040ACF5 = {
						CreatedOnToolsVersion = 10.1;
					};
					9FF7586B22FFAA3A0040ACF5 = {
						CreatedOnToolsVersion = 10.1;
						TestTargetID = 9FF7585722FFAA380040ACF5;
					};
				};
			};
			buildConfigurationList = 9FF7585322FFAA380040ACF5 /* Build configuration list for PBXProject "ImagesGallery" */;
			compatibilityVersion = "Xcode 9.3";
			developmentRegion = en;
			hasScannedForEncodings = 0;
			knownRegions = (
				en,
				Base,
			);
			mainGroup = 9FF7584F22FFAA380040ACF5;
			productRefGroup = 9FF7585922FFAA380040ACF5 /* Products */;
			projectDirPath = "";
			projectRoot = "";
			targets = (
				9FF7585722FFAA380040ACF5 /* ImagesGallery */,
				9FF7586B22FFAA3A0040ACF5 /* ImagesGalleryTests */,
			);
		};
/* End PBXProject section */

/* Begin PBXResourcesBuildPhase section */
		9FF7585622FFAA380040ACF5 /* Resources */ = {
			isa = PBXResourcesBuildPhase;
			buildActionMask = 2147483647;
			files = (
				9FF7586622FFAA3A0040ACF5 /* LaunchScreen.storyboard in Resources */,
				9FF7586322FFAA3A0040ACF5 /* Assets.xcassets in Resources */,
				9FF7586122FFAA380040ACF5 /* Main.storyboard in Resources */,
			);
			runOnlyForDeploymentPostprocessing = 0;
		};
		9FF7586A22FFAA3A0040ACF5 /* Resources */ = {
			isa = PBXResourcesBuildPhase;
			buildActionMask = 2147483647;
			files = (
			);
			runOnlyForDeploymentPostprocessing = 0;
		};
/* End PBXResourcesBuildPhase section */

/* Begin PBXShellScriptBuildPhase section */
		633195254692C523948ED5D1 /* [CP] Embed Pods Frameworks */ = {
			isa = PBXShellScriptBuildPhase;
			buildActionMask = 2147483647;
			files = (
			);
			inputFileListPaths = (
				"${PODS_ROOT}/Target Support Files/Pods-ImagesGallery/Pods-ImagesGallery-frameworks-${CONFIGURATION}-input-files.xcfilelist",
			);
			name = "[CP] Embed Pods Frameworks";
			outputFileListPaths = (
				"${PODS_ROOT}/Target Support Files/Pods-ImagesGallery/Pods-ImagesGallery-frameworks-${CONFIGURATION}-output-files.xcfilelist",
			);
			runOnlyForDeploymentPostprocessing = 0;
			shellPath = /bin/sh;
			shellScript = "\"${PODS_ROOT}/Target Support Files/Pods-ImagesGallery/Pods-ImagesGallery-frameworks.sh\"\n";
			showEnvVarsInLog = 0;
		};
		904EB77E596B64C1E034A755 /* [CP] Check Pods Manifest.lock */ = {
			isa = PBXShellScriptBuildPhase;
			buildActionMask = 2147483647;
			files = (
			);
			inputFileListPaths = (
			);
			inputPaths = (
				"${PODS_PODFILE_DIR_PATH}/Podfile.lock",
				"${PODS_ROOT}/Manifest.lock",
			);
			name = "[CP] Check Pods Manifest.lock";
			outputFileListPaths = (
			);
			outputPaths = (
				"$(DERIVED_FILE_DIR)/Pods-ImagesGallery-checkManifestLockResult.txt",
			);
			runOnlyForDeploymentPostprocessing = 0;
			shellPath = /bin/sh;
			shellScript = "diff \"${PODS_PODFILE_DIR_PATH}/Podfile.lock\" \"${PODS_ROOT}/Manifest.lock\" > /dev/null\nif [ $? != 0 ] ; then\n    # print error to STDERR\n    echo \"error: The sandbox is not in sync with the Podfile.lock. Run 'pod install' or update your CocoaPods installation.\" >&2\n    exit 1\nfi\n# This output is used by Xcode 'outputs' to avoid re-running this script phase.\necho \"SUCCESS\" > \"${SCRIPT_OUTPUT_FILE_0}\"\n";
			showEnvVarsInLog = 0;
		};
		91BAE99356A3A831182F91E3 /* [CP] Check Pods Manifest.lock */ = {
			isa = PBXShellScriptBuildPhase;
			buildActionMask = 2147483647;
			files = (
			);
			inputFileListPaths = (
			);
			inputPaths = (
				"${PODS_PODFILE_DIR_PATH}/Podfile.lock",
				"${PODS_ROOT}/Manifest.lock",
			);
			name = "[CP] Check Pods Manifest.lock";
			outputFileListPaths = (
			);
			outputPaths = (
				"$(DERIVED_FILE_DIR)/Pods-ImagesGalleryTests-checkManifestLockResult.txt",
			);
			runOnlyForDeploymentPostprocessing = 0;
			shellPath = /bin/sh;
			shellScript = "diff \"${PODS_PODFILE_DIR_PATH}/Podfile.lock\" \"${PODS_ROOT}/Manifest.lock\" > /dev/null\nif [ $? != 0 ] ; then\n    # print error to STDERR\n    echo \"error: The sandbox is not in sync with the Podfile.lock. Run 'pod install' or update your CocoaPods installation.\" >&2\n    exit 1\nfi\n# This output is used by Xcode 'outputs' to avoid re-running this script phase.\necho \"SUCCESS\" > \"${SCRIPT_OUTPUT_FILE_0}\"\n";
			showEnvVarsInLog = 0;
		};
/* End PBXShellScriptBuildPhase section */

/* Begin PBXSourcesBuildPhase section */
		9FF7585422FFAA380040ACF5 /* Sources */ = {
			isa = PBXSourcesBuildPhase;
			buildActionMask = 2147483647;
			files = (
				9F85A52B22FFB4FB00C8F618 /* NetworkManager.swift in Sources */,
				9F85A51C22FFB2C900C8F618 /* ImagesPresentersProtocol.swift in Sources */,
				9FF7585C22FFAA380040ACF5 /* AppDelegate.swift in Sources */,
				9F85A52422FFB3A600C8F618 /* PixabayImage.swift in Sources */,
				9F85A51822FFB22100C8F618 /* BaseViewController.swift in Sources */,
				9FE64C8422FFE7F7003C0DFF /* ImageCell.swift in Sources */,
				9F85A51A22FFB23700C8F618 /* GridViewController.swift in Sources */,
				9F85A51E22FFB30500C8F618 /* GridViewPresenter.swift in Sources */,
				9F85A52822FFB4DD00C8F618 /* ImageLoader.swift in Sources */,
				9F85A53422FFB58700C8F618 /* PixabayRequest.swift in Sources */,
				9F85A52122FFB35600C8F618 /* ImageModelProtocol.swift in Sources */,
				9F85A52E22FFB50F00C8F618 /* RequestProtocol.swift in Sources */,
			);
			runOnlyForDeploymentPostprocessing = 0;
		};
		9FF7586822FFAA3A0040ACF5 /* Sources */ = {
			isa = PBXSourcesBuildPhase;
			buildActionMask = 2147483647;
			files = (
				9F85A52C22FFB4FB00C8F618 /* NetworkManager.swift in Sources */,
				9FF7587122FFAA3A0040ACF5 /* ImagesGalleryTests.swift in Sources */,
				9F85A51F22FFB30500C8F618 /* GridViewPresenter.swift in Sources */,
				9F85A52922FFB4DD00C8F618 /* ImageLoader.swift in Sources */,
				9F85A52522FFB3A600C8F618 /* PixabayImage.swift in Sources */,
				9F85A52222FFB35600C8F618 /* ImageModelProtocol.swift in Sources */,
				9F85A53522FFB58700C8F618 /* PixabayRequest.swift in Sources */,
				9F85A52F22FFB50F00C8F618 /* RequestProtocol.swift in Sources */,
			);
			runOnlyForDeploymentPostprocessing = 0;
		};
/* End PBXSourcesBuildPhase section */

/* Begin PBXTargetDependency section */
		9FF7586E22FFAA3A0040ACF5 /* PBXTargetDependency */ = {
			isa = PBXTargetDependency;
			target = 9FF7585722FFAA380040ACF5 /* ImagesGallery */;
			targetProxy = 9FF7586D22FFAA3A0040ACF5 /* PBXContainerItemProxy */;
		};
/* End PBXTargetDependency section */

/* Begin PBXVariantGroup section */
		9FF7585F22FFAA380040ACF5 /* Main.storyboard */ = {
			isa = PBXVariantGroup;
			children = (
				9FF7586022FFAA380040ACF5 /* Base */,
			);
			name = Main.storyboard;
			sourceTree = "<group>";
		};
		9FF7586422FFAA3A0040ACF5 /* LaunchScreen.storyboard */ = {
			isa = PBXVariantGroup;
			children = (
				9FF7586522FFAA3A0040ACF5 /* Base */,
			);
			name = LaunchScreen.storyboard;
			sourceTree = "<group>";
		};
/* End PBXVariantGroup section */

/* Begin XCBuildConfiguration section */
		9FF7587322FFAA3A0040ACF5 /* Debug */ = {
			isa = XCBuildConfiguration;
			buildSettings = {
				ALWAYS_SEARCH_USER_PATHS = NO;
				CLANG_ANALYZER_NONNULL = YES;
				CLANG_ANALYZER_NUMBER_OBJECT_CONVERSION = YES_AGGRESSIVE;
				CLANG_CXX_LANGUAGE_STANDARD = "gnu++14";
				CLANG_CXX_LIBRARY = "libc++";
				CLANG_ENABLE_MODULES = YES;
				CLANG_ENABLE_OBJC_ARC = YES;
				CLANG_ENABLE_OBJC_WEAK = YES;
				CLANG_WARN_BLOCK_CAPTURE_AUTORELEASING = YES;
				CLANG_WARN_BOOL_CONVERSION = YES;
				CLANG_WARN_COMMA = YES;
				CLANG_WARN_CONSTANT_CONVERSION = YES;
				CLANG_WARN_DEPRECATED_OBJC_IMPLEMENTATIONS = YES;
				CLANG_WARN_DIRECT_OBJC_ISA_USAGE = YES_ERROR;
				CLANG_WARN_DOCUMENTATION_COMMENTS = YES;
				CLANG_WARN_EMPTY_BODY = YES;
				CLANG_WARN_ENUM_CONVERSION = YES;
				CLANG_WARN_INFINITE_RECURSION = YES;
				CLANG_WARN_INT_CONVERSION = YES;
				CLANG_WARN_NON_LITERAL_NULL_CONVERSION = YES;
				CLANG_WARN_OBJC_IMPLICIT_RETAIN_SELF = YES;
				CLANG_WARN_OBJC_LITERAL_CONVERSION = YES;
				CLANG_WARN_OBJC_ROOT_CLASS = YES_ERROR;
				CLANG_WARN_RANGE_LOOP_ANALYSIS = YES;
				CLANG_WARN_STRICT_PROTOTYPES = YES;
				CLANG_WARN_SUSPICIOUS_MOVE = YES;
				CLANG_WARN_UNGUARDED_AVAILABILITY = YES_AGGRESSIVE;
				CLANG_WARN_UNREACHABLE_CODE = YES;
				CLANG_WARN__DUPLICATE_METHOD_MATCH = YES;
				CODE_SIGN_IDENTITY = "iPhone Developer";
				COPY_PHASE_STRIP = NO;
				DEBUG_INFORMATION_FORMAT = dwarf;
				ENABLE_STRICT_OBJC_MSGSEND = YES;
				ENABLE_TESTABILITY = YES;
				GCC_C_LANGUAGE_STANDARD = gnu11;
				GCC_DYNAMIC_NO_PIC = NO;
				GCC_NO_COMMON_BLOCKS = YES;
				GCC_OPTIMIZATION_LEVEL = 0;
				GCC_PREPROCESSOR_DEFINITIONS = (
					"DEBUG=1",
					"$(inherited)",
				);
				GCC_WARN_64_TO_32_BIT_CONVERSION = YES;
				GCC_WARN_ABOUT_RETURN_TYPE = YES_ERROR;
				GCC_WARN_UNDECLARED_SELECTOR = YES;
				GCC_WARN_UNINITIALIZED_AUTOS = YES_AGGRESSIVE;
				GCC_WARN_UNUSED_FUNCTION = YES;
				GCC_WARN_UNUSED_VARIABLE = YES;
				IPHONEOS_DEPLOYMENT_TARGET = 12.1;
				MTL_ENABLE_DEBUG_INFO = INCLUDE_SOURCE;
				MTL_FAST_MATH = YES;
				ONLY_ACTIVE_ARCH = YES;
				SDKROOT = iphoneos;
				SWIFT_ACTIVE_COMPILATION_CONDITIONS = DEBUG;
				SWIFT_OPTIMIZATION_LEVEL = "-Onone";
			};
			name = Debug;
		};
		9FF7587422FFAA3A0040ACF5 /* Release */ = {
			isa = XCBuildConfiguration;
			buildSettings = {
				ALWAYS_SEARCH_USER_PATHS = NO;
				CLANG_ANALYZER_NONNULL = YES;
				CLANG_ANALYZER_NUMBER_OBJECT_CONVERSION = YES_AGGRESSIVE;
				CLANG_CXX_LANGUAGE_STANDARD = "gnu++14";
				CLANG_CXX_LIBRARY = "libc++";
				CLANG_ENABLE_MODULES = YES;
				CLANG_ENABLE_OBJC_ARC = YES;
				CLANG_ENABLE_OBJC_WEAK = YES;
				CLANG_WARN_BLOCK_CAPTURE_AUTORELEASING = YES;
				CLANG_WARN_BOOL_CONVERSION = YES;
				CLANG_WARN_COMMA = YES;
				CLANG_WARN_CONSTANT_CONVERSION = YES;
				CLANG_WARN_DEPRECATED_OBJC_IMPLEMENTATIONS = YES;
				CLANG_WARN_DIRECT_OBJC_ISA_USAGE = YES_ERROR;
				CLANG_WARN_DOCUMENTATION_COMMENTS = YES;
				CLANG_WARN_EMPTY_BODY = YES;
				CLANG_WARN_ENUM_CONVERSION = YES;
				CLANG_WARN_INFINITE_RECURSION = YES;
				CLANG_WARN_INT_CONVERSION = YES;
				CLANG_WARN_NON_LITERAL_NULL_CONVERSION = YES;
				CLANG_WARN_OBJC_IMPLICIT_RETAIN_SELF = YES;
				CLANG_WARN_OBJC_LITERAL_CONVERSION = YES;
				CLANG_WARN_OBJC_ROOT_CLASS = YES_ERROR;
				CLANG_WARN_RANGE_LOOP_ANALYSIS = YES;
				CLANG_WARN_STRICT_PROTOTYPES = YES;
				CLANG_WARN_SUSPICIOUS_MOVE = YES;
				CLANG_WARN_UNGUARDED_AVAILABILITY = YES_AGGRESSIVE;
				CLANG_WARN_UNREACHABLE_CODE = YES;
				CLANG_WARN__DUPLICATE_METHOD_MATCH = YES;
				CODE_SIGN_IDENTITY = "iPhone Developer";
				COPY_PHASE_STRIP = NO;
				DEBUG_INFORMATION_FORMAT = "dwarf-with-dsym";
				ENABLE_NS_ASSERTIONS = NO;
				ENABLE_STRICT_OBJC_MSGSEND = YES;
				GCC_C_LANGUAGE_STANDARD = gnu11;
				GCC_NO_COMMON_BLOCKS = YES;
				GCC_WARN_64_TO_32_BIT_CONVERSION = YES;
				GCC_WARN_ABOUT_RETURN_TYPE = YES_ERROR;
				GCC_WARN_UNDECLARED_SELECTOR = YES;
				GCC_WARN_UNINITIALIZED_AUTOS = YES_AGGRESSIVE;
				GCC_WARN_UNUSED_FUNCTION = YES;
				GCC_WARN_UNUSED_VARIABLE = YES;
				IPHONEOS_DEPLOYMENT_TARGET = 12.1;
				MTL_ENABLE_DEBUG_INFO = NO;
				MTL_FAST_MATH = YES;
				SDKROOT = iphoneos;
				SWIFT_COMPILATION_MODE = wholemodule;
				SWIFT_OPTIMIZATION_LEVEL = "-O";
				VALIDATE_PRODUCT = YES;
			};
			name = Release;
		};
		9FF7587622FFAA3A0040ACF5 /* Debug */ = {
			isa = XCBuildConfiguration;
			baseConfigurationReference = 2E42ED883AF8424C0116CF48 /* Pods-ImagesGallery.debug.xcconfig */;
			buildSettings = {
				ASSETCATALOG_COMPILER_APPICON_NAME = AppIcon;
				CODE_SIGN_STYLE = Automatic;
				INFOPLIST_FILE = ImagesGallery/Info.plist;
				LD_RUNPATH_SEARCH_PATHS = (
					"$(inherited)",
					"@executable_path/Frameworks",
				);
				PRODUCT_BUNDLE_IDENTIFIER = Blendle.ImagesGallery;
				PRODUCT_NAME = "$(TARGET_NAME)";
				SWIFT_VERSION = 4.2;
				TARGETED_DEVICE_FAMILY = "1,2";
			};
			name = Debug;
		};
		9FF7587722FFAA3A0040ACF5 /* Release */ = {
			isa = XCBuildConfiguration;
			baseConfigurationReference = E455C2B2537F933012524EE0 /* Pods-ImagesGallery.release.xcconfig */;
			buildSettings = {
				ASSETCATALOG_COMPILER_APPICON_NAME = AppIcon;
				CODE_SIGN_STYLE = Automatic;
				INFOPLIST_FILE = ImagesGallery/Info.plist;
				LD_RUNPATH_SEARCH_PATHS = (
					"$(inherited)",
					"@executable_path/Frameworks",
				);
				PRODUCT_BUNDLE_IDENTIFIER = Blendle.ImagesGallery;
				PRODUCT_NAME = "$(TARGET_NAME)";
				SWIFT_VERSION = 4.2;
				TARGETED_DEVICE_FAMILY = "1,2";
			};
			name = Release;
		};
		9FF7587922FFAA3A0040ACF5 /* Debug */ = {
			isa = XCBuildConfiguration;
			baseConfigurationReference = 0C9D0A9FB6336BC7B80C5834 /* Pods-ImagesGalleryTests.debug.xcconfig */;
			buildSettings = {
				ALWAYS_EMBED_SWIFT_STANDARD_LIBRARIES = YES;
				BUNDLE_LOADER = "$(TEST_HOST)";
				CODE_SIGN_STYLE = Automatic;
				INFOPLIST_FILE = ImagesGalleryTests/Info.plist;
				LD_RUNPATH_SEARCH_PATHS = (
					"$(inherited)",
					"@executable_path/Frameworks",
					"@loader_path/Frameworks",
				);
				PRODUCT_BUNDLE_IDENTIFIER = Blendle.ImagesGalleryTests;
				PRODUCT_NAME = "$(TARGET_NAME)";
				SWIFT_VERSION = 4.2;
				TARGETED_DEVICE_FAMILY = "1,2";
				TEST_HOST = "$(BUILT_PRODUCTS_DIR)/ImagesGallery.app/ImagesGallery";
			};
			name = Debug;
		};
		9FF7587A22FFAA3A0040ACF5 /* Release */ = {
			isa = XCBuildConfiguration;
			baseConfigurationReference = 5BCA257F6919F33436F9F1D0 /* Pods-ImagesGalleryTests.release.xcconfig */;
			buildSettings = {
				ALWAYS_EMBED_SWIFT_STANDARD_LIBRARIES = YES;
				BUNDLE_LOADER = "$(TEST_HOST)";
				CODE_SIGN_STYLE = Automatic;
				INFOPLIST_FILE = ImagesGalleryTests/Info.plist;
				LD_RUNPATH_SEARCH_PATHS = (
					"$(inherited)",
					"@executable_path/Frameworks",
					"@loader_path/Frameworks",
				);
				PRODUCT_BUNDLE_IDENTIFIER = Blendle.ImagesGalleryTests;
				PRODUCT_NAME = "$(TARGET_NAME)";
				SWIFT_VERSION = 4.2;
				TARGETED_DEVICE_FAMILY = "1,2";
				TEST_HOST = "$(BUILT_PRODUCTS_DIR)/ImagesGallery.app/ImagesGallery";
			};
			name = Release;
		};
/* End XCBuildConfiguration section */

/* Begin XCConfigurationList section */
		9FF7585322FFAA380040ACF5 /* Build configuration list for PBXProject "ImagesGallery" */ = {
			isa = XCConfigurationList;
			buildConfigurations = (
				9FF7587322FFAA3A0040ACF5 /* Debug */,
				9FF7587422FFAA3A0040ACF5 /* Release */,
			);
			defaultConfigurationIsVisible = 0;
			defaultConfigurationName = Release;
		};
		9FF7587522FFAA3A0040ACF5 /* Build configuration list for PBXNativeTarget "ImagesGallery" */ = {
			isa = XCConfigurationList;
			buildConfigurations = (
				9FF7587622FFAA3A0040ACF5 /* Debug */,
				9FF7587722FFAA3A0040ACF5 /* Release */,
			);
			defaultConfigurationIsVisible = 0;
			defaultConfigurationName = Release;
		};
		9FF7587822FFAA3A0040ACF5 /* Build configuration list for PBXNativeTarget "ImagesGalleryTests" */ = {
			isa = XCConfigurationList;
			buildConfigurations = (
				9FF7587922FFAA3A0040ACF5 /* Debug */,
				9FF7587A22FFAA3A0040ACF5 /* Release */,
			);
			defaultConfigurationIsVisible = 0;
			defaultConfigurationName = Release;
		};
/* End XCConfigurationList section */
	};
	rootObject = 9FF7585022FFAA380040ACF5 /* Project object */;
}
